// !$*UTF8*$!
{
	archiveVersion = 1;
	classes = {
	};
	objectVersion = 46;
	objects = {

/* Begin PBXBuildFile section */
		F7415B931F29026F00F02643 /* ReferenceScene.sks in Resources */ = {isa = PBXBuildFile; fileRef = F7415B921F29026F00F02643 /* ReferenceScene.sks */; };
		F7415B951F29032100F02643 /* ReferenceScene.swift in Sources */ = {isa = PBXBuildFile; fileRef = F7415B941F29032100F02643 /* ReferenceScene.swift */; };
		F7415B991F293E7300F02643 /* Assets.xcassets in Resources */ = {isa = PBXBuildFile; fileRef = F7415B981F293E7300F02643 /* Assets.xcassets */; };
		F7415BE31F2A605700F02643 /* OpeningScene.swift in Sources */ = {isa = PBXBuildFile; fileRef = F7415BE21F2A605700F02643 /* OpeningScene.swift */; };
		F750FCFC1F1D7A700016FE81 /* AppDelegate.swift in Sources */ = {isa = PBXBuildFile; fileRef = F750FCFB1F1D7A700016FE81 /* AppDelegate.swift */; };
		F750FD001F1D7A700016FE81 /* Actions.sks in Resources */ = {isa = PBXBuildFile; fileRef = F750FCFF1F1D7A700016FE81 /* Actions.sks */; };
		F750FD041F1D7A700016FE81 /* GameViewController.swift in Sources */ = {isa = PBXBuildFile; fileRef = F750FD031F1D7A700016FE81 /* GameViewController.swift */; };
		F750FD071F1D7A700016FE81 /* Main.storyboard in Resources */ = {isa = PBXBuildFile; fileRef = F750FD051F1D7A700016FE81 /* Main.storyboard */; };
		F750FD0C1F1D7A700016FE81 /* LaunchScreen.storyboard in Resources */ = {isa = PBXBuildFile; fileRef = F750FD0A1F1D7A700016FE81 /* LaunchScreen.storyboard */; };
		F750FD181F1D7ACD0016FE81 /* Player.swift in Sources */ = {isa = PBXBuildFile; fileRef = F750FD171F1D7ACD0016FE81 /* Player.swift */; };
		F750FD1A1F1D7AD50016FE81 /* Element.swift in Sources */ = {isa = PBXBuildFile; fileRef = F750FD191F1D7AD50016FE81 /* Element.swift */; };
		F750FD1C1F1D7ADC0016FE81 /* MSButtonNode.swift in Sources */ = {isa = PBXBuildFile; fileRef = F750FD1B1F1D7ADC0016FE81 /* MSButtonNode.swift */; };
		F77FCBA81F1FE0D3002984B6 /* GUIScene.swift in Sources */ = {isa = PBXBuildFile; fileRef = F77FCBA71F1FE0D3002984B6 /* GUIScene.swift */; };
		F77FCBAA1F1FE0FF002984B6 /* GUIScene.sks in Resources */ = {isa = PBXBuildFile; fileRef = F77FCBA91F1FE0FF002984B6 /* GUIScene.sks */; };
		F79DDAFB1F2F978B00DB5162 /* GemScene.sks in Resources */ = {isa = PBXBuildFile; fileRef = F79DDAFA1F2F978B00DB5162 /* GemScene.sks */; };
		F79DDAFD1F2FA55D00DB5162 /* ComboScene.sks in Resources */ = {isa = PBXBuildFile; fileRef = F79DDAFC1F2FA55D00DB5162 /* ComboScene.sks */; };
		F79DDAFF1F2FAE1600DB5162 /* GemScene.swift in Sources */ = {isa = PBXBuildFile; fileRef = F79DDAFE1F2FAE1600DB5162 /* GemScene.swift */; };
		F79DDB011F2FCFF100DB5162 /* Gem.swift in Sources */ = {isa = PBXBuildFile; fileRef = F79DDB001F2FCFF100DB5162 /* Gem.swift */; };
		F79DDB031F2FDA2C00DB5162 /* MainMenu.sks in Resources */ = {isa = PBXBuildFile; fileRef = F79DDB021F2FDA2C00DB5162 /* MainMenu.sks */; };
		F79DDB051F2FE03000DB5162 /* MainMenu.swift in Sources */ = {isa = PBXBuildFile; fileRef = F79DDB041F2FE03000DB5162 /* MainMenu.swift */; };
/* End PBXBuildFile section */

/* Begin PBXFileReference section */
		F7415B921F29026F00F02643 /* ReferenceScene.sks */ = {isa = PBXFileReference; lastKnownFileType = file.sks; path = ReferenceScene.sks; sourceTree = "<group>"; };
		F7415B941F29032100F02643 /* ReferenceScene.swift */ = {isa = PBXFileReference; fileEncoding = 4; lastKnownFileType = sourcecode.swift; path = ReferenceScene.swift; sourceTree = "<group>"; };
		F7415B981F293E7300F02643 /* Assets.xcassets */ = {isa = PBXFileReference; lastKnownFileType = folder.assetcatalog; path = Assets.xcassets; sourceTree = "<group>"; };
		F7415BE21F2A605700F02643 /* OpeningScene.swift */ = {isa = PBXFileReference; fileEncoding = 4; lastKnownFileType = sourcecode.swift; path = OpeningScene.swift; sourceTree = "<group>"; };
		F750FCF81F1D7A700016FE81 /* theGame2.app */ = {isa = PBXFileReference; explicitFileType = wrapper.application; includeInIndex = 0; path = theGame2.app; sourceTree = BUILT_PRODUCTS_DIR; };
		F750FCFB1F1D7A700016FE81 /* AppDelegate.swift */ = {isa = PBXFileReference; lastKnownFileType = sourcecode.swift; path = AppDelegate.swift; sourceTree = "<group>"; };
		F750FCFF1F1D7A700016FE81 /* Actions.sks */ = {isa = PBXFileReference; lastKnownFileType = file.sks; path = Actions.sks; sourceTree = "<group>"; };
		F750FD031F1D7A700016FE81 /* GameViewController.swift */ = {isa = PBXFileReference; lastKnownFileType = sourcecode.swift; path = GameViewController.swift; sourceTree = "<group>"; };
		F750FD061F1D7A700016FE81 /* Base */ = {isa = PBXFileReference; lastKnownFileType = file.storyboard; name = Base; path = Base.lproj/Main.storyboard; sourceTree = "<group>"; };
		F750FD0B1F1D7A700016FE81 /* Base */ = {isa = PBXFileReference; lastKnownFileType = file.storyboard; name = Base; path = Base.lproj/LaunchScreen.storyboard; sourceTree = "<group>"; };
		F750FD0D1F1D7A700016FE81 /* Info.plist */ = {isa = PBXFileReference; lastKnownFileType = text.plist.xml; path = Info.plist; sourceTree = "<group>"; };
		F750FD171F1D7ACD0016FE81 /* Player.swift */ = {isa = PBXFileReference; fileEncoding = 4; lastKnownFileType = sourcecode.swift; path = Player.swift; sourceTree = "<group>"; };
		F750FD191F1D7AD50016FE81 /* Element.swift */ = {isa = PBXFileReference; fileEncoding = 4; lastKnownFileType = sourcecode.swift; path = Element.swift; sourceTree = "<group>"; };
		F750FD1B1F1D7ADC0016FE81 /* MSButtonNode.swift */ = {isa = PBXFileReference; fileEncoding = 4; lastKnownFileType = sourcecode.swift; path = MSButtonNode.swift; sourceTree = "<group>"; };
		F77FCBA71F1FE0D3002984B6 /* GUIScene.swift */ = {isa = PBXFileReference; fileEncoding = 4; lastKnownFileType = sourcecode.swift; path = GUIScene.swift; sourceTree = "<group>"; };
		F77FCBA91F1FE0FF002984B6 /* GUIScene.sks */ = {isa = PBXFileReference; lastKnownFileType = file.sks; path = GUIScene.sks; sourceTree = "<group>"; };
		F79DDAFA1F2F978B00DB5162 /* GemScene.sks */ = {isa = PBXFileReference; lastKnownFileType = file.sks; path = GemScene.sks; sourceTree = "<group>"; };
		F79DDAFC1F2FA55D00DB5162 /* ComboScene.sks */ = {isa = PBXFileReference; lastKnownFileType = file.sks; path = ComboScene.sks; sourceTree = "<group>"; };
		F79DDAFE1F2FAE1600DB5162 /* GemScene.swift */ = {isa = PBXFileReference; fileEncoding = 4; lastKnownFileType = sourcecode.swift; path = GemScene.swift; sourceTree = "<group>"; };
		F79DDB001F2FCFF100DB5162 /* Gem.swift */ = {isa = PBXFileReference; fileEncoding = 4; lastKnownFileType = sourcecode.swift; path = Gem.swift; sourceTree = "<group>"; };
		F79DDB021F2FDA2C00DB5162 /* MainMenu.sks */ = {isa = PBXFileReference; lastKnownFileType = file.sks; path = MainMenu.sks; sourceTree = "<group>"; };
		F79DDB041F2FE03000DB5162 /* MainMenu.swift */ = {isa = PBXFileReference; fileEncoding = 4; lastKnownFileType = sourcecode.swift; path = MainMenu.swift; sourceTree = "<group>"; };
/* End PBXFileReference section */

/* Begin PBXFrameworksBuildPhase section */
		F750FCF51F1D7A700016FE81 /* Frameworks */ = {
			isa = PBXFrameworksBuildPhase;
			buildActionMask = 2147483647;
			files = (
			);
			runOnlyForDeploymentPostprocessing = 0;
		};
/* End PBXFrameworksBuildPhase section */

/* Begin PBXGroup section */
		F750FCEF1F1D7A700016FE81 = {
			isa = PBXGroup;
			children = (
				F750FCFA1F1D7A700016FE81 /* theGame2 */,
				F750FCF91F1D7A700016FE81 /* Products */,
			);
			sourceTree = "<group>";
		};
		F750FCF91F1D7A700016FE81 /* Products */ = {
			isa = PBXGroup;
			children = (
				F750FCF81F1D7A700016FE81 /* theGame2.app */,
			);
			name = Products;
			sourceTree = "<group>";
		};
		F750FCFA1F1D7A700016FE81 /* theGame2 */ = {
			isa = PBXGroup;
			children = (
				F7415BE21F2A605700F02643 /* OpeningScene.swift */,
				F7415B981F293E7300F02643 /* Assets.xcassets */,
				F750FCFB1F1D7A700016FE81 /* AppDelegate.swift */,
				F79DDAFA1F2F978B00DB5162 /* GemScene.sks */,
				F79DDAFE1F2FAE1600DB5162 /* GemScene.swift */,
				F750FD191F1D7AD50016FE81 /* Element.swift */,
				F750FD171F1D7ACD0016FE81 /* Player.swift */,
				F79DDB021F2FDA2C00DB5162 /* MainMenu.sks */,
				F79DDB041F2FE03000DB5162 /* MainMenu.swift */,
				F79DDB001F2FCFF100DB5162 /* Gem.swift */,
				F79DDAFC1F2FA55D00DB5162 /* ComboScene.sks */,
				F77FCBA91F1FE0FF002984B6 /* GUIScene.sks */,
				F77FCBA71F1FE0D3002984B6 /* GUIScene.swift */,
				F7415B921F29026F00F02643 /* ReferenceScene.sks */,
				F750FD031F1D7A700016FE81 /* GameViewController.swift */,
				F7415B941F29032100F02643 /* ReferenceScene.swift */,
				F750FD1B1F1D7ADC0016FE81 /* MSButtonNode.swift */,
				F750FCFF1F1D7A700016FE81 /* Actions.sks */,
				F750FD051F1D7A700016FE81 /* Main.storyboard */,
				F750FD0A1F1D7A700016FE81 /* LaunchScreen.storyboard */,
				F750FD0D1F1D7A700016FE81 /* Info.plist */,
			);
			path = theGame2;
			sourceTree = "<group>";
		};
/* End PBXGroup section */

/* Begin PBXNativeTarget section */
		F750FCF71F1D7A700016FE81 /* theGame2 */ = {
			isa = PBXNativeTarget;
			buildConfigurationList = F750FD101F1D7A700016FE81 /* Build configuration list for PBXNativeTarget "theGame2" */;
			buildPhases = (
				F750FCF41F1D7A700016FE81 /* Sources */,
				F750FCF51F1D7A700016FE81 /* Frameworks */,
				F750FCF61F1D7A700016FE81 /* Resources */,
			);
			buildRules = (
			);
			dependencies = (
			);
			name = theGame2;
			productName = theGame2;
			productReference = F750FCF81F1D7A700016FE81 /* theGame2.app */;
			productType = "com.apple.product-type.application";
		};
/* End PBXNativeTarget section */

/* Begin PBXProject section */
		F750FCF01F1D7A700016FE81 /* Project object */ = {
			isa = PBXProject;
			attributes = {
				LastSwiftUpdateCheck = 0830;
				LastUpgradeCheck = 0830;
				ORGANIZATIONNAME = "Tyler Goodwyn";
				TargetAttributes = {
					F750FCF71F1D7A700016FE81 = {
						CreatedOnToolsVersion = 8.3.3;
						DevelopmentTeam = 4U59PC2869;
						ProvisioningStyle = Automatic;
					};
				};
			};
			buildConfigurationList = F750FCF31F1D7A700016FE81 /* Build configuration list for PBXProject "theGame2" */;
			compatibilityVersion = "Xcode 3.2";
			developmentRegion = English;
			hasScannedForEncodings = 0;
			knownRegions = (
				en,
				Base,
			);
			mainGroup = F750FCEF1F1D7A700016FE81;
			productRefGroup = F750FCF91F1D7A700016FE81 /* Products */;
			projectDirPath = "";
			projectRoot = "";
			targets = (
				F750FCF71F1D7A700016FE81 /* theGame2 */,
			);
		};
/* End PBXProject section */

/* Begin PBXResourcesBuildPhase section */
		F750FCF61F1D7A700016FE81 /* Resources */ = {
			isa = PBXResourcesBuildPhase;
			buildActionMask = 2147483647;
			files = (
				F77FCBAA1F1FE0FF002984B6 /* GUIScene.sks in Resources */,
				F79DDB031F2FDA2C00DB5162 /* MainMenu.sks in Resources */,
				F7415B991F293E7300F02643 /* Assets.xcassets in Resources */,
				F7415B931F29026F00F02643 /* ReferenceScene.sks in Resources */,
				F79DDAFD1F2FA55D00DB5162 /* ComboScene.sks in Resources */,
				F750FD071F1D7A700016FE81 /* Main.storyboard in Resources */,
				F750FD0C1F1D7A700016FE81 /* LaunchScreen.storyboard in Resources */,
				F79DDAFB1F2F978B00DB5162 /* GemScene.sks in Resources */,
				F750FD001F1D7A700016FE81 /* Actions.sks in Resources */,
			);
			runOnlyForDeploymentPostprocessing = 0;
		};
/* End PBXResourcesBuildPhase section */

/* Begin PBXSourcesBuildPhase section */
		F750FCF41F1D7A700016FE81 /* Sources */ = {
			isa = PBXSourcesBuildPhase;
			buildActionMask = 2147483647;
			files = (
				F79DDB051F2FE03000DB5162 /* MainMenu.swift in Sources */,
				F750FD181F1D7ACD0016FE81 /* Player.swift in Sources */,
				F750FD041F1D7A700016FE81 /* GameViewController.swift in Sources */,
				F79DDAFF1F2FAE1600DB5162 /* GemScene.swift in Sources */,
				F750FD1C1F1D7ADC0016FE81 /* MSButtonNode.swift in Sources */,
				F7415BE31F2A605700F02643 /* OpeningScene.swift in Sources */,
				F7415B951F29032100F02643 /* ReferenceScene.swift in Sources */,
				F77FCBA81F1FE0D3002984B6 /* GUIScene.swift in Sources */,
				F750FCFC1F1D7A700016FE81 /* AppDelegate.swift in Sources */,
				F750FD1A1F1D7AD50016FE81 /* Element.swift in Sources */,
				F79DDB011F2FCFF100DB5162 /* Gem.swift in Sources */,
			);
			runOnlyForDeploymentPostprocessing = 0;
		};
/* End PBXSourcesBuildPhase section */

/* Begin PBXVariantGroup section */
		F750FD051F1D7A700016FE81 /* Main.storyboard */ = {
			isa = PBXVariantGroup;
			children = (
				F750FD061F1D7A700016FE81 /* Base */,
			);
			name = Main.storyboard;
			sourceTree = "<group>";
		};
		F750FD0A1F1D7A700016FE81 /* LaunchScreen.storyboard */ = {
			isa = PBXVariantGroup;
			children = (
				F750FD0B1F1D7A700016FE81 /* Base */,
			);
			name = LaunchScreen.storyboard;
			sourceTree = "<group>";
		};
/* End PBXVariantGroup section */

/* Begin XCBuildConfiguration section */
		F750FD0E1F1D7A700016FE81 /* Debug */ = {
			isa = XCBuildConfiguration;
			buildSettings = {
				ALWAYS_SEARCH_USER_PATHS = NO;
				CLANG_ANALYZER_NONNULL = YES;
				CLANG_ANALYZER_NUMBER_OBJECT_CONVERSION = YES_AGGRESSIVE;
				CLANG_CXX_LANGUAGE_STANDARD = "gnu++0x";
				CLANG_CXX_LIBRARY = "libc++";
				CLANG_ENABLE_MODULES = YES;
				CLANG_ENABLE_OBJC_ARC = YES;
				CLANG_WARN_BOOL_CONVERSION = YES;
				CLANG_WARN_CONSTANT_CONVERSION = YES;
				CLANG_WARN_DIRECT_OBJC_ISA_USAGE = YES_ERROR;
				CLANG_WARN_DOCUMENTATION_COMMENTS = YES;
				CLANG_WARN_EMPTY_BODY = YES;
				CLANG_WARN_ENUM_CONVERSION = YES;
				CLANG_WARN_INFINITE_RECURSION = YES;
				CLANG_WARN_INT_CONVERSION = YES;
				CLANG_WARN_OBJC_ROOT_CLASS = YES_ERROR;
				CLANG_WARN_SUSPICIOUS_MOVE = YES;
				CLANG_WARN_UNREACHABLE_CODE = YES;
				CLANG_WARN__DUPLICATE_METHOD_MATCH = YES;
				"CODE_SIGN_IDENTITY[sdk=iphoneos*]" = "iPhone Developer";
				COPY_PHASE_STRIP = NO;
				DEBUG_INFORMATION_FORMAT = dwarf;
				ENABLE_STRICT_OBJC_MSGSEND = YES;
				ENABLE_TESTABILITY = YES;
				GCC_C_LANGUAGE_STANDARD = gnu99;
				GCC_DYNAMIC_NO_PIC = NO;
				GCC_NO_COMMON_BLOCKS = YES;
				GCC_OPTIMIZATION_LEVEL = 0;
				GCC_PREPROCESSOR_DEFINITIONS = (
					"DEBUG=1",
					"$(inherited)",
				);
				GCC_WARN_64_TO_32_BIT_CONVERSION = YES;
				GCC_WARN_ABOUT_RETURN_TYPE = YES_ERROR;
				GCC_WARN_UNDECLARED_SELECTOR = YES;
				GCC_WARN_UNINITIALIZED_AUTOS = YES_AGGRESSIVE;
				GCC_WARN_UNUSED_FUNCTION = YES;
				GCC_WARN_UNUSED_VARIABLE = YES;
				IPHONEOS_DEPLOYMENT_TARGET = 10.3;
				MTL_ENABLE_DEBUG_INFO = YES;
				ONLY_ACTIVE_ARCH = YES;
				SDKROOT = iphoneos;
				SWIFT_ACTIVE_COMPILATION_CONDITIONS = DEBUG;
				SWIFT_OPTIMIZATION_LEVEL = "-Onone";
			};
			name = Debug;
		};
		F750FD0F1F1D7A700016FE81 /* Release */ = {
			isa = XCBuildConfiguration;
			buildSettings = {
				ALWAYS_SEARCH_USER_PATHS = NO;
				CLANG_ANALYZER_NONNULL = YES;
				CLANG_ANALYZER_NUMBER_OBJECT_CONVERSION = YES_AGGRESSIVE;
				CLANG_CXX_LANGUAGE_STANDARD = "gnu++0x";
				CLANG_CXX_LIBRARY = "libc++";
				CLANG_ENABLE_MODULES = YES;
				CLANG_ENABLE_OBJC_ARC = YES;
				CLANG_WARN_BOOL_CONVERSION = YES;
				CLANG_WARN_CONSTANT_CONVERSION = YES;
				CLANG_WARN_DIRECT_OBJC_ISA_USAGE = YES_ERROR;
				CLANG_WARN_DOCUMENTATION_COMMENTS = YES;
				CLANG_WARN_EMPTY_BODY = YES;
				CLANG_WARN_ENUM_CONVERSION = YES;
				CLANG_WARN_INFINITE_RECURSION = YES;
				CLANG_WARN_INT_CONVERSION = YES;
				CLANG_WARN_OBJC_ROOT_CLASS = YES_ERROR;
				CLANG_WARN_SUSPICIOUS_MOVE = YES;
				CLANG_WARN_UNREACHABLE_CODE = YES;
				CLANG_WARN__DUPLICATE_METHOD_MATCH = YES;
				"CODE_SIGN_IDENTITY[sdk=iphoneos*]" = "iPhone Developer";
				COPY_PHASE_STRIP = NO;
				DEBUG_INFORMATION_FORMAT = "dwarf-with-dsym";
				ENABLE_NS_ASSERTIONS = NO;
				ENABLE_STRICT_OBJC_MSGSEND = YES;
				GCC_C_LANGUAGE_STANDARD = gnu99;
				GCC_NO_COMMON_BLOCKS = YES;
				GCC_WARN_64_TO_32_BIT_CONVERSION = YES;
				GCC_WARN_ABOUT_RETURN_TYPE = YES_ERROR;
				GCC_WARN_UNDECLARED_SELECTOR = YES;
				GCC_WARN_UNINITIALIZED_AUTOS = YES_AGGRESSIVE;
				GCC_WARN_UNUSED_FUNCTION = YES;
				GCC_WARN_UNUSED_VARIABLE = YES;
				IPHONEOS_DEPLOYMENT_TARGET = 10.3;
				MTL_ENABLE_DEBUG_INFO = NO;
				SDKROOT = iphoneos;
				SWIFT_OPTIMIZATION_LEVEL = "-Owholemodule";
				VALIDATE_PRODUCT = YES;
			};
			name = Release;
		};
		F750FD111F1D7A700016FE81 /* Debug */ = {
			isa = XCBuildConfiguration;
			buildSettings = {
				ASSETCATALOG_COMPILER_APPICON_NAME = AppIcon;
				DEVELOPMENT_TEAM = 4U59PC2869;
				INFOPLIST_FILE = theGame2/Info.plist;
				LD_RUNPATH_SEARCH_PATHS = "$(inherited) @executable_path/Frameworks";
				PRODUCT_BUNDLE_IDENTIFIER = "Tyler-Goodwyn.theGame2";
				PRODUCT_NAME = "$(TARGET_NAME)";
				SWIFT_VERSION = 3.0;
			};
			name = Debug;
		};
		F750FD121F1D7A700016FE81 /* Release */ = {
			isa = XCBuildConfiguration;
			buildSettings = {
				ASSETCATALOG_COMPILER_APPICON_NAME = AppIcon;
				DEVELOPMENT_TEAM = 4U59PC2869;
				INFOPLIST_FILE = theGame2/Info.plist;
				LD_RUNPATH_SEARCH_PATHS = "$(inherited) @executable_path/Frameworks";
				PRODUCT_BUNDLE_IDENTIFIER = "Tyler-Goodwyn.theGame2";
				PRODUCT_NAME = "$(TARGET_NAME)";
				SWIFT_VERSION = 3.0;
			};
			name = Release;
		};
/* End XCBuildConfiguration section */

/* Begin XCConfigurationList section */
		F750FCF31F1D7A700016FE81 /* Build configuration list for PBXProject "theGame2" */ = {
			isa = XCConfigurationList;
			buildConfigurations = (
				F750FD0E1F1D7A700016FE81 /* Debug */,
				F750FD0F1F1D7A700016FE81 /* Release */,
			);
			defaultConfigurationIsVisible = 0;
			defaultConfigurationName = Release;
		};
		F750FD101F1D7A700016FE81 /* Build configuration list for PBXNativeTarget "theGame2" */ = {
			isa = XCConfigurationList;
			buildConfigurations = (
				F750FD111F1D7A700016FE81 /* Debug */,
				F750FD121F1D7A700016FE81 /* Release */,
			);
			defaultConfigurationIsVisible = 0;
			defaultConfigurationName = Release;
		};
/* End XCConfigurationList section */
	};
	rootObject = F750FCF01F1D7A700016FE81 /* Project object */;
}
